// !$*UTF8*$!
{
	archiveVersion = 1;
	classes = {
	};
	objectVersion = 51;
	objects = {

/* Begin PBXBuildFile section */
		0417FB5323757D7E00B22435 /* Message.swift in Sources */ = {isa = PBXBuildFile; fileRef = 0417FB5223757D7E00B22435 /* Message.swift */; };
		04858EB8237576A500B3A9A3 /* AppDelegate.swift in Sources */ = {isa = PBXBuildFile; fileRef = 04858EB7237576A500B3A9A3 /* AppDelegate.swift */; };
		04858EBA237576A500B3A9A3 /* GameScene.sks in Resources */ = {isa = PBXBuildFile; fileRef = 04858EB9237576A500B3A9A3 /* GameScene.sks */; };
		04858EBC237576A500B3A9A3 /* Actions.sks in Resources */ = {isa = PBXBuildFile; fileRef = 04858EBB237576A500B3A9A3 /* Actions.sks */; };
		04858EBE237576A500B3A9A3 /* GameScene.swift in Sources */ = {isa = PBXBuildFile; fileRef = 04858EBD237576A500B3A9A3 /* GameScene.swift */; };
		04858EC0237576A500B3A9A3 /* GameViewController.swift in Sources */ = {isa = PBXBuildFile; fileRef = 04858EBF237576A500B3A9A3 /* GameViewController.swift */; };
		04858EC3237576A500B3A9A3 /* Main.storyboard in Resources */ = {isa = PBXBuildFile; fileRef = 04858EC1237576A500B3A9A3 /* Main.storyboard */; };
		04858EC5237576A600B3A9A3 /* Assets.xcassets in Resources */ = {isa = PBXBuildFile; fileRef = 04858EC4237576A600B3A9A3 /* Assets.xcassets */; };
		04858EC8237576A600B3A9A3 /* LaunchScreen.storyboard in Resources */ = {isa = PBXBuildFile; fileRef = 04858EC6237576A600B3A9A3 /* LaunchScreen.storyboard */; };
		04858ED3237576A600B3A9A3 /* GameOfLifeTests.swift in Sources */ = {isa = PBXBuildFile; fileRef = 04858ED2237576A600B3A9A3 /* GameOfLifeTests.swift */; };
		A75552447BF22672F57299B1 /* Pods_GameOfLifeTests.framework in Frameworks */ = {isa = PBXBuildFile; fileRef = BE508542412F097030514D29 /* Pods_GameOfLifeTests.framework */; };
		F3586D262D6F73D1E8CC3AC6 /* Pods_GameOfLife.framework in Frameworks */ = {isa = PBXBuildFile; fileRef = E43965A8E738AC692CBA8A31 /* Pods_GameOfLife.framework */; };
/* End PBXBuildFile section */

/* Begin PBXContainerItemProxy section */
		04858ECF237576A600B3A9A3 /* PBXContainerItemProxy */ = {
			isa = PBXContainerItemProxy;
			containerPortal = 04858EAC237576A500B3A9A3 /* Project object */;
			proxyType = 1;
			remoteGlobalIDString = 04858EB3237576A500B3A9A3;
			remoteInfo = GameOfLife;
		};
/* End PBXContainerItemProxy section */

/* Begin PBXFileReference section */
		0417FB5223757D7E00B22435 /* Message.swift */ = {isa = PBXFileReference; lastKnownFileType = sourcecode.swift; path = Message.swift; sourceTree = "<group>"; };
		04858EB4237576A500B3A9A3 /* GameOfLife.app */ = {isa = PBXFileReference; explicitFileType = wrapper.application; includeInIndex = 0; path = GameOfLife.app; sourceTree = BUILT_PRODUCTS_DIR; };
		04858EB7237576A500B3A9A3 /* AppDelegate.swift */ = {isa = PBXFileReference; lastKnownFileType = sourcecode.swift; path = AppDelegate.swift; sourceTree = "<group>"; };
		04858EB9237576A500B3A9A3 /* GameScene.sks */ = {isa = PBXFileReference; lastKnownFileType = file.sks; path = GameScene.sks; sourceTree = "<group>"; };
		04858EBB237576A500B3A9A3 /* Actions.sks */ = {isa = PBXFileReference; lastKnownFileType = file.sks; path = Actions.sks; sourceTree = "<group>"; };
		04858EBD237576A500B3A9A3 /* GameScene.swift */ = {isa = PBXFileReference; lastKnownFileType = sourcecode.swift; path = GameScene.swift; sourceTree = "<group>"; };
		04858EBF237576A500B3A9A3 /* GameViewController.swift */ = {isa = PBXFileReference; lastKnownFileType = sourcecode.swift; path = GameViewController.swift; sourceTree = "<group>"; };
		04858EC2237576A500B3A9A3 /* Base */ = {isa = PBXFileReference; lastKnownFileType = file.storyboard; name = Base; path = Base.lproj/Main.storyboard; sourceTree = "<group>"; };
		04858EC4237576A600B3A9A3 /* Assets.xcassets */ = {isa = PBXFileReference; lastKnownFileType = folder.assetcatalog; path = Assets.xcassets; sourceTree = "<group>"; };
		04858EC7237576A600B3A9A3 /* Base */ = {isa = PBXFileReference; lastKnownFileType = file.storyboard; name = Base; path = Base.lproj/LaunchScreen.storyboard; sourceTree = "<group>"; };
		04858EC9237576A600B3A9A3 /* Info.plist */ = {isa = PBXFileReference; lastKnownFileType = text.plist.xml; path = Info.plist; sourceTree = "<group>"; };
		04858ECE237576A600B3A9A3 /* GameOfLifeTests.xctest */ = {isa = PBXFileReference; explicitFileType = wrapper.cfbundle; includeInIndex = 0; path = GameOfLifeTests.xctest; sourceTree = BUILT_PRODUCTS_DIR; };
		04858ED2237576A600B3A9A3 /* GameOfLifeTests.swift */ = {isa = PBXFileReference; lastKnownFileType = sourcecode.swift; path = GameOfLifeTests.swift; sourceTree = "<group>"; };
		04858ED4237576A600B3A9A3 /* Info.plist */ = {isa = PBXFileReference; lastKnownFileType = text.plist.xml; path = Info.plist; sourceTree = "<group>"; };
		248BC305A5E0F9BC6B6DA5A0 /* Pods-GameOfLifeTests.release.xcconfig */ = {isa = PBXFileReference; includeInIndex = 1; lastKnownFileType = text.xcconfig; name = "Pods-GameOfLifeTests.release.xcconfig"; path = "Target Support Files/Pods-GameOfLifeTests/Pods-GameOfLifeTests.release.xcconfig"; sourceTree = "<group>"; };
		479CDE181D2CCD72245F2A59 /* Pods-GameOfLife.debug.xcconfig */ = {isa = PBXFileReference; includeInIndex = 1; lastKnownFileType = text.xcconfig; name = "Pods-GameOfLife.debug.xcconfig"; path = "Target Support Files/Pods-GameOfLife/Pods-GameOfLife.debug.xcconfig"; sourceTree = "<group>"; };
		A5BA781ACC7A6EDF1E56B9CE /* Pods-GameOfLife.release.xcconfig */ = {isa = PBXFileReference; includeInIndex = 1; lastKnownFileType = text.xcconfig; name = "Pods-GameOfLife.release.xcconfig"; path = "Target Support Files/Pods-GameOfLife/Pods-GameOfLife.release.xcconfig"; sourceTree = "<group>"; };
		BE508542412F097030514D29 /* Pods_GameOfLifeTests.framework */ = {isa = PBXFileReference; explicitFileType = wrapper.framework; includeInIndex = 0; path = Pods_GameOfLifeTests.framework; sourceTree = BUILT_PRODUCTS_DIR; };
		E43965A8E738AC692CBA8A31 /* Pods_GameOfLife.framework */ = {isa = PBXFileReference; explicitFileType = wrapper.framework; includeInIndex = 0; path = Pods_GameOfLife.framework; sourceTree = BUILT_PRODUCTS_DIR; };
		EA392362981C47BBBB560F63 /* Pods-GameOfLifeTests.debug.xcconfig */ = {isa = PBXFileReference; includeInIndex = 1; lastKnownFileType = text.xcconfig; name = "Pods-GameOfLifeTests.debug.xcconfig"; path = "Target Support Files/Pods-GameOfLifeTests/Pods-GameOfLifeTests.debug.xcconfig"; sourceTree = "<group>"; };
/* End PBXFileReference section */

/* Begin PBXFrameworksBuildPhase section */
		04858EB1237576A500B3A9A3 /* Frameworks */ = {
			isa = PBXFrameworksBuildPhase;
			buildActionMask = 2147483647;
			files = (
				F3586D262D6F73D1E8CC3AC6 /* Pods_GameOfLife.framework in Frameworks */,
			);
			runOnlyForDeploymentPostprocessing = 0;
		};
		04858ECB237576A600B3A9A3 /* Frameworks */ = {
			isa = PBXFrameworksBuildPhase;
			buildActionMask = 2147483647;
			files = (
				A75552447BF22672F57299B1 /* Pods_GameOfLifeTests.framework in Frameworks */,
			);
			runOnlyForDeploymentPostprocessing = 0;
		};
/* End PBXFrameworksBuildPhase section */

/* Begin PBXGroup section */
		0417FB562375866100B22435 /* Models */ = {
			isa = PBXGroup;
			children = (
				0417FB5223757D7E00B22435 /* Message.swift */,
			);
			path = Models;
			sourceTree = "<group>";
		};
		04858EAB237576A500B3A9A3 = {
			isa = PBXGroup;
			children = (
				04858EB6237576A500B3A9A3 /* GameOfLife */,
				04858ED1237576A600B3A9A3 /* GameOfLifeTests */,
				04858EB5237576A500B3A9A3 /* Products */,
				BB5654D06DCFFDC327695E43 /* Pods */,
				1EE8218CEF49A71DF9B2135B /* Frameworks */,
			);
			sourceTree = "<group>";
		};
		04858EB5237576A500B3A9A3 /* Products */ = {
			isa = PBXGroup;
			children = (
				04858EB4237576A500B3A9A3 /* GameOfLife.app */,
				04858ECE237576A600B3A9A3 /* GameOfLifeTests.xctest */,
			);
			name = Products;
			sourceTree = "<group>";
		};
		04858EB6237576A500B3A9A3 /* GameOfLife */ = {
			isa = PBXGroup;
			children = (
				0417FB562375866100B22435 /* Models */,
				04858EB7237576A500B3A9A3 /* AppDelegate.swift */,
				04858EB9237576A500B3A9A3 /* GameScene.sks */,
				04858EBB237576A500B3A9A3 /* Actions.sks */,
				04858EBD237576A500B3A9A3 /* GameScene.swift */,
				04858EBF237576A500B3A9A3 /* GameViewController.swift */,
				04858EC1237576A500B3A9A3 /* Main.storyboard */,
				04858EC4237576A600B3A9A3 /* Assets.xcassets */,
				04858EC6237576A600B3A9A3 /* LaunchScreen.storyboard */,
				04858EC9237576A600B3A9A3 /* Info.plist */,
			);
			path = GameOfLife;
			sourceTree = "<group>";
		};
		04858ED1237576A600B3A9A3 /* GameOfLifeTests */ = {
			isa = PBXGroup;
			children = (
				04858ED2237576A600B3A9A3 /* GameOfLifeTests.swift */,
				04858ED4237576A600B3A9A3 /* Info.plist */,
			);
			path = GameOfLifeTests;
			sourceTree = "<group>";
		};
		1EE8218CEF49A71DF9B2135B /* Frameworks */ = {
			isa = PBXGroup;
			children = (
				E43965A8E738AC692CBA8A31 /* Pods_GameOfLife.framework */,
				BE508542412F097030514D29 /* Pods_GameOfLifeTests.framework */,
			);
			name = Frameworks;
			sourceTree = "<group>";
		};
		BB5654D06DCFFDC327695E43 /* Pods */ = {
			isa = PBXGroup;
			children = (
				479CDE181D2CCD72245F2A59 /* Pods-GameOfLife.debug.xcconfig */,
				A5BA781ACC7A6EDF1E56B9CE /* Pods-GameOfLife.release.xcconfig */,
				EA392362981C47BBBB560F63 /* Pods-GameOfLifeTests.debug.xcconfig */,
				248BC305A5E0F9BC6B6DA5A0 /* Pods-GameOfLifeTests.release.xcconfig */,
			);
			path = Pods;
			sourceTree = "<group>";
		};
/* End PBXGroup section */

/* Begin PBXNativeTarget section */
		04858EB3237576A500B3A9A3 /* GameOfLife */ = {
			isa = PBXNativeTarget;
			buildConfigurationList = 04858ED7237576A600B3A9A3 /* Build configuration list for PBXNativeTarget "GameOfLife" */;
			buildPhases = (
				80D449DA0D9BB863BA48A97D /* [CP] Check Pods Manifest.lock */,
				04858EB0237576A500B3A9A3 /* Sources */,
				04858EB1237576A500B3A9A3 /* Frameworks */,
				04858EB2237576A500B3A9A3 /* Resources */,
				4FA7A44A1E4B94B064209A8F /* [CP] Embed Pods Frameworks */,
			);
			buildRules = (
			);
			dependencies = (
			);
			name = GameOfLife;
			productName = GameOfLife;
			productReference = 04858EB4237576A500B3A9A3 /* GameOfLife.app */;
			productType = "com.apple.product-type.application";
		};
		04858ECD237576A600B3A9A3 /* GameOfLifeTests */ = {
			isa = PBXNativeTarget;
			buildConfigurationList = 04858EDA237576A600B3A9A3 /* Build configuration list for PBXNativeTarget "GameOfLifeTests" */;
			buildPhases = (
				7C3F1330B1AF94C4AC6A355C /* [CP] Check Pods Manifest.lock */,
				04858ECA237576A600B3A9A3 /* Sources */,
				04858ECB237576A600B3A9A3 /* Frameworks */,
				04858ECC237576A600B3A9A3 /* Resources */,
			);
			buildRules = (
			);
			dependencies = (
				04858ED0237576A600B3A9A3 /* PBXTargetDependency */,
			);
			name = GameOfLifeTests;
			productName = GameOfLifeTests;
			productReference = 04858ECE237576A600B3A9A3 /* GameOfLifeTests.xctest */;
			productType = "com.apple.product-type.bundle.unit-test";
		};
/* End PBXNativeTarget section */

/* Begin PBXProject section */
		04858EAC237576A500B3A9A3 /* Project object */ = {
			isa = PBXProject;
			attributes = {
				LastSwiftUpdateCheck = 1120;
				LastUpgradeCheck = 1120;
				ORGANIZATIONNAME = Solirius;
				TargetAttributes = {
					04858EB3237576A500B3A9A3 = {
						CreatedOnToolsVersion = 11.2;
					};
					04858ECD237576A600B3A9A3 = {
						CreatedOnToolsVersion = 11.2;
						TestTargetID = 04858EB3237576A500B3A9A3;
					};
				};
			};
			buildConfigurationList = 04858EAF237576A500B3A9A3 /* Build configuration list for PBXProject "GameOfLife" */;
			compatibilityVersion = "Xcode 9.3";
			developmentRegion = en;
			hasScannedForEncodings = 0;
			knownRegions = (
				en,
				Base,
			);
			mainGroup = 04858EAB237576A500B3A9A3;
			productRefGroup = 04858EB5237576A500B3A9A3 /* Products */;
			projectDirPath = "";
			projectRoot = "";
			targets = (
				04858EB3237576A500B3A9A3 /* GameOfLife */,
				04858ECD237576A600B3A9A3 /* GameOfLifeTests */,
			);
		};
/* End PBXProject section */

/* Begin PBXResourcesBuildPhase section */
		04858EB2237576A500B3A9A3 /* Resources */ = {
			isa = PBXResourcesBuildPhase;
			buildActionMask = 2147483647;
			files = (
				04858EC3237576A500B3A9A3 /* Main.storyboard in Resources */,
				04858EBA237576A500B3A9A3 /* GameScene.sks in Resources */,
				04858EC5237576A600B3A9A3 /* Assets.xcassets in Resources */,
				04858EC8237576A600B3A9A3 /* LaunchScreen.storyboard in Resources */,
				04858EBC237576A500B3A9A3 /* Actions.sks in Resources */,
			);
			runOnlyForDeploymentPostprocessing = 0;
		};
		04858ECC237576A600B3A9A3 /* Resources */ = {
			isa = PBXResourcesBuildPhase;
			buildActionMask = 2147483647;
			files = (
			);
			runOnlyForDeploymentPostprocessing = 0;
		};
/* End PBXResourcesBuildPhase section */

/* Begin PBXShellScriptBuildPhase section */
		4FA7A44A1E4B94B064209A8F /* [CP] Embed Pods Frameworks */ = {
			isa = PBXShellScriptBuildPhase;
			buildActionMask = 2147483647;
			files = (
			);
			inputFileListPaths = (
				"${PODS_ROOT}/Target Support Files/Pods-GameOfLife/Pods-GameOfLife-frameworks-${CONFIGURATION}-input-files.xcfilelist",
			);
			name = "[CP] Embed Pods Frameworks";
			outputFileListPaths = (
				"${PODS_ROOT}/Target Support Files/Pods-GameOfLife/Pods-GameOfLife-frameworks-${CONFIGURATION}-output-files.xcfilelist",
			);
			runOnlyForDeploymentPostprocessing = 0;
			shellPath = /bin/sh;
			shellScript = "\"${PODS_ROOT}/Target Support Files/Pods-GameOfLife/Pods-GameOfLife-frameworks.sh\"\n";
			showEnvVarsInLog = 0;
		};
		7C3F1330B1AF94C4AC6A355C /* [CP] Check Pods Manifest.lock */ = {
			isa = PBXShellScriptBuildPhase;
			buildActionMask = 2147483647;
			files = (
			);
			inputFileListPaths = (
			);
			inputPaths = (
				"${PODS_PODFILE_DIR_PATH}/Podfile.lock",
				"${PODS_ROOT}/Manifest.lock",
			);
			name = "[CP] Check Pods Manifest.lock";
			outputFileListPaths = (
			);
			outputPaths = (
				"$(DERIVED_FILE_DIR)/Pods-GameOfLifeTests-checkManifestLockResult.txt",
			);
			runOnlyForDeploymentPostprocessing = 0;
			shellPath = /bin/sh;
			shellScript = "diff \"${PODS_PODFILE_DIR_PATH}/Podfile.lock\" \"${PODS_ROOT}/Manifest.lock\" > /dev/null\nif [ $? != 0 ] ; then\n    # print error to STDERR\n    echo \"error: The sandbox is not in sync with the Podfile.lock. Run 'pod install' or update your CocoaPods installation.\" >&2\n    exit 1\nfi\n# This output is used by Xcode 'outputs' to avoid re-running this script phase.\necho \"SUCCESS\" > \"${SCRIPT_OUTPUT_FILE_0}\"\n";
			showEnvVarsInLog = 0;
		};
		80D449DA0D9BB863BA48A97D /* [CP] Check Pods Manifest.lock */ = {
			isa = PBXShellScriptBuildPhase;
			buildActionMask = 2147483647;
			files = (
			);
			inputFileListPaths = (
			);
			inputPaths = (
				"${PODS_PODFILE_DIR_PATH}/Podfile.lock",
				"${PODS_ROOT}/Manifest.lock",
			);
			name = "[CP] Check Pods Manifest.lock";
			outputFileListPaths = (
			);
			outputPaths = (
				"$(DERIVED_FILE_DIR)/Pods-GameOfLife-checkManifestLockResult.txt",
			);
			runOnlyForDeploymentPostprocessing = 0;
			shellPath = /bin/sh;
			shellScript = "diff \"${PODS_PODFILE_DIR_PATH}/Podfile.lock\" \"${PODS_ROOT}/Manifest.lock\" > /dev/null\nif [ $? != 0 ] ; then\n    # print error to STDERR\n    echo \"error: The sandbox is not in sync with the Podfile.lock. Run 'pod install' or update your CocoaPods installation.\" >&2\n    exit 1\nfi\n# This output is used by Xcode 'outputs' to avoid re-running this script phase.\necho \"SUCCESS\" > \"${SCRIPT_OUTPUT_FILE_0}\"\n";
			showEnvVarsInLog = 0;
		};
/* End PBXShellScriptBuildPhase section */

/* Begin PBXSourcesBuildPhase section */
		04858EB0237576A500B3A9A3 /* Sources */ = {
			isa = PBXSourcesBuildPhase;
			buildActionMask = 2147483647;
			files = (
				04858EBE237576A500B3A9A3 /* GameScene.swift in Sources */,
				0417FB5323757D7E00B22435 /* Message.swift in Sources */,
				04858EC0237576A500B3A9A3 /* GameViewController.swift in Sources */,
				04858EB8237576A500B3A9A3 /* AppDelegate.swift in Sources */,
			);
			runOnlyForDeploymentPostprocessing = 0;
		};
		04858ECA237576A600B3A9A3 /* Sources */ = {
			isa = PBXSourcesBuildPhase;
			buildActionMask = 2147483647;
			files = (
				04858ED3237576A600B3A9A3 /* GameOfLifeTests.swift in Sources */,
			);
			runOnlyForDeploymentPostprocessing = 0;
		};
/* End PBXSourcesBuildPhase section */

/* Begin PBXTargetDependency section */
		04858ED0237576A600B3A9A3 /* PBXTargetDependency */ = {
			isa = PBXTargetDependency;
			target = 04858EB3237576A500B3A9A3 /* GameOfLife */;
			targetProxy = 04858ECF237576A600B3A9A3 /* PBXContainerItemProxy */;
		};
/* End PBXTargetDependency section */

/* Begin PBXVariantGroup section */
		04858EC1237576A500B3A9A3 /* Main.storyboard */ = {
			isa = PBXVariantGroup;
			children = (
				04858EC2237576A500B3A9A3 /* Base */,
			);
			name = Main.storyboard;
			sourceTree = "<group>";
		};
		04858EC6237576A600B3A9A3 /* LaunchScreen.storyboard */ = {
			isa = PBXVariantGroup;
			children = (
				04858EC7237576A600B3A9A3 /* Base */,
			);
			name = LaunchScreen.storyboard;
			sourceTree = "<group>";
		};
/* End PBXVariantGroup section */

/* Begin XCBuildConfiguration section */
		04858ED5237576A600B3A9A3 /* Debug */ = {
			isa = XCBuildConfiguration;
			buildSettings = {
				ALWAYS_SEARCH_USER_PATHS = NO;
				CLANG_ANALYZER_NONNULL = YES;
				CLANG_ANALYZER_NUMBER_OBJECT_CONVERSION = YES_AGGRESSIVE;
				CLANG_CXX_LANGUAGE_STANDARD = "gnu++14";
				CLANG_CXX_LIBRARY = "libc++";
				CLANG_ENABLE_MODULES = YES;
				CLANG_ENABLE_OBJC_ARC = YES;
				CLANG_ENABLE_OBJC_WEAK = YES;
				CLANG_WARN_BLOCK_CAPTURE_AUTORELEASING = YES;
				CLANG_WARN_BOOL_CONVERSION = YES;
				CLANG_WARN_COMMA = YES;
				CLANG_WARN_CONSTANT_CONVERSION = YES;
				CLANG_WARN_DEPRECATED_OBJC_IMPLEMENTATIONS = YES;
				CLANG_WARN_DIRECT_OBJC_ISA_USAGE = YES_ERROR;
				CLANG_WARN_DOCUMENTATION_COMMENTS = YES;
				CLANG_WARN_EMPTY_BODY = YES;
				CLANG_WARN_ENUM_CONVERSION = YES;
				CLANG_WARN_INFINITE_RECURSION = YES;
				CLANG_WARN_INT_CONVERSION = YES;
				CLANG_WARN_NON_LITERAL_NULL_CONVERSION = YES;
				CLANG_WARN_OBJC_IMPLICIT_RETAIN_SELF = YES;
				CLANG_WARN_OBJC_LITERAL_CONVERSION = YES;
				CLANG_WARN_OBJC_ROOT_CLASS = YES_ERROR;
				CLANG_WARN_RANGE_LOOP_ANALYSIS = YES;
				CLANG_WARN_STRICT_PROTOTYPES = YES;
				CLANG_WARN_SUSPICIOUS_MOVE = YES;
				CLANG_WARN_UNGUARDED_AVAILABILITY = YES_AGGRESSIVE;
				CLANG_WARN_UNREACHABLE_CODE = YES;
				CLANG_WARN__DUPLICATE_METHOD_MATCH = YES;
				COPY_PHASE_STRIP = NO;
				DEBUG_INFORMATION_FORMAT = dwarf;
				ENABLE_STRICT_OBJC_MSGSEND = YES;
				ENABLE_TESTABILITY = YES;
				GCC_C_LANGUAGE_STANDARD = gnu11;
				GCC_DYNAMIC_NO_PIC = NO;
				GCC_NO_COMMON_BLOCKS = YES;
				GCC_OPTIMIZATION_LEVEL = 0;
				GCC_PREPROCESSOR_DEFINITIONS = (
					"DEBUG=1",
					"$(inherited)",
				);
				GCC_WARN_64_TO_32_BIT_CONVERSION = YES;
				GCC_WARN_ABOUT_RETURN_TYPE = YES_ERROR;
				GCC_WARN_UNDECLARED_SELECTOR = YES;
				GCC_WARN_UNINITIALIZED_AUTOS = YES_AGGRESSIVE;
				GCC_WARN_UNUSED_FUNCTION = YES;
				GCC_WARN_UNUSED_VARIABLE = YES;
				IPHONEOS_DEPLOYMENT_TARGET = 13.2;
				MTL_ENABLE_DEBUG_INFO = INCLUDE_SOURCE;
				MTL_FAST_MATH = YES;
				ONLY_ACTIVE_ARCH = YES;
				SDKROOT = iphoneos;
				SWIFT_ACTIVE_COMPILATION_CONDITIONS = DEBUG;
				SWIFT_OPTIMIZATION_LEVEL = "-Onone";
			};
			name = Debug;
		};
		04858ED6237576A600B3A9A3 /* Release */ = {
			isa = XCBuildConfiguration;
			buildSettings = {
				ALWAYS_SEARCH_USER_PATHS = NO;
				CLANG_ANALYZER_NONNULL = YES;
				CLANG_ANALYZER_NUMBER_OBJECT_CONVERSION = YES_AGGRESSIVE;
				CLANG_CXX_LANGUAGE_STANDARD = "gnu++14";
				CLANG_CXX_LIBRARY = "libc++";
				CLANG_ENABLE_MODULES = YES;
				CLANG_ENABLE_OBJC_ARC = YES;
				CLANG_ENABLE_OBJC_WEAK = YES;
				CLANG_WARN_BLOCK_CAPTURE_AUTORELEASING = YES;
				CLANG_WARN_BOOL_CONVERSION = YES;
				CLANG_WARN_COMMA = YES;
				CLANG_WARN_CONSTANT_CONVERSION = YES;
				CLANG_WARN_DEPRECATED_OBJC_IMPLEMENTATIONS = YES;
				CLANG_WARN_DIRECT_OBJC_ISA_USAGE = YES_ERROR;
				CLANG_WARN_DOCUMENTATION_COMMENTS = YES;
				CLANG_WARN_EMPTY_BODY = YES;
				CLANG_WARN_ENUM_CONVERSION = YES;
				CLANG_WARN_INFINITE_RECURSION = YES;
				CLANG_WARN_INT_CONVERSION = YES;
				CLANG_WARN_NON_LITERAL_NULL_CONVERSION = YES;
				CLANG_WARN_OBJC_IMPLICIT_RETAIN_SELF = YES;
				CLANG_WARN_OBJC_LITERAL_CONVERSION = YES;
				CLANG_WARN_OBJC_ROOT_CLASS = YES_ERROR;
				CLANG_WARN_RANGE_LOOP_ANALYSIS = YES;
				CLANG_WARN_STRICT_PROTOTYPES = YES;
				CLANG_WARN_SUSPICIOUS_MOVE = YES;
				CLANG_WARN_UNGUARDED_AVAILABILITY = YES_AGGRESSIVE;
				CLANG_WARN_UNREACHABLE_CODE = YES;
				CLANG_WARN__DUPLICATE_METHOD_MATCH = YES;
				COPY_PHASE_STRIP = NO;
				DEBUG_INFORMATION_FORMAT = "dwarf-with-dsym";
				ENABLE_NS_ASSERTIONS = NO;
				ENABLE_STRICT_OBJC_MSGSEND = YES;
				GCC_C_LANGUAGE_STANDARD = gnu11;
				GCC_NO_COMMON_BLOCKS = YES;
				GCC_WARN_64_TO_32_BIT_CONVERSION = YES;
				GCC_WARN_ABOUT_RETURN_TYPE = YES_ERROR;
				GCC_WARN_UNDECLARED_SELECTOR = YES;
				GCC_WARN_UNINITIALIZED_AUTOS = YES_AGGRESSIVE;
				GCC_WARN_UNUSED_FUNCTION = YES;
				GCC_WARN_UNUSED_VARIABLE = YES;
				IPHONEOS_DEPLOYMENT_TARGET = 13.2;
				MTL_ENABLE_DEBUG_INFO = NO;
				MTL_FAST_MATH = YES;
				SDKROOT = iphoneos;
				SWIFT_COMPILATION_MODE = wholemodule;
				SWIFT_OPTIMIZATION_LEVEL = "-O";
				VALIDATE_PRODUCT = YES;
			};
			name = Release;
		};
		04858ED8237576A600B3A9A3 /* Debug */ = {
			isa = XCBuildConfiguration;
			baseConfigurationReference = 479CDE181D2CCD72245F2A59 /* Pods-GameOfLife.debug.xcconfig */;
			buildSettings = {
				ASSETCATALOG_COMPILER_APPICON_NAME = AppIcon;
				CODE_SIGN_STYLE = Automatic;
				DEVELOPMENT_TEAM = Q79HY7288P;
				INFOPLIST_FILE = GameOfLife/Info.plist;
				LD_RUNPATH_SEARCH_PATHS = (
					"$(inherited)",
					"@executable_path/Frameworks",
				);
				PRODUCT_BUNDLE_IDENTIFIER = com.solirius.GameOfLife;
				PRODUCT_NAME = "$(TARGET_NAME)";
				SWIFT_VERSION = 5.0;
				TARGETED_DEVICE_FAMILY = "1,2";
			};
			name = Debug;
		};
		04858ED9237576A600B3A9A3 /* Release */ = {
			isa = XCBuildConfiguration;
			baseConfigurationReference = A5BA781ACC7A6EDF1E56B9CE /* Pods-GameOfLife.release.xcconfig */;
			buildSettings = {
				ASSETCATALOG_COMPILER_APPICON_NAME = AppIcon;
				CODE_SIGN_STYLE = Automatic;
				DEVELOPMENT_TEAM = Q79HY7288P;
				INFOPLIST_FILE = GameOfLife/Info.plist;
				LD_RUNPATH_SEARCH_PATHS = (
					"$(inherited)",
					"@executable_path/Frameworks",
				);
				PRODUCT_BUNDLE_IDENTIFIER = com.solirius.GameOfLife;
				PRODUCT_NAME = "$(TARGET_NAME)";
				SWIFT_VERSION = 5.0;
				TARGETED_DEVICE_FAMILY = "1,2";
			};
			name = Release;
		};
		04858EDB237576A600B3A9A3 /* Debug */ = {
			isa = XCBuildConfiguration;
			baseConfigurationReference = EA392362981C47BBBB560F63 /* Pods-GameOfLifeTests.debug.xcconfig */;
			buildSettings = {
				ALWAYS_EMBED_SWIFT_STANDARD_LIBRARIES = YES;
				BUNDLE_LOADER = "$(TEST_HOST)";
				CODE_SIGN_STYLE = Automatic;
				DEVELOPMENT_TEAM = Q79HY7288P;
				INFOPLIST_FILE = GameOfLifeTests/Info.plist;
				IPHONEOS_DEPLOYMENT_TARGET = 13.2;
				LD_RUNPATH_SEARCH_PATHS = (
					"$(inherited)",
					"@executable_path/Frameworks",
					"@loader_path/Frameworks",
				);
				PRODUCT_BUNDLE_IDENTIFIER = com.solirius.GameOfLifeTests;
				PRODUCT_NAME = "$(TARGET_NAME)";
				SWIFT_VERSION = 5.0;
				TARGETED_DEVICE_FAMILY = "1,2";
				TEST_HOST = "$(BUILT_PRODUCTS_DIR)/GameOfLife.app/GameOfLife";
			};
			name = Debug;
		};
		04858EDC237576A600B3A9A3 /* Release */ = {
			isa = XCBuildConfiguration;
			baseConfigurationReference = 248BC305A5E0F9BC6B6DA5A0 /* Pods-GameOfLifeTests.release.xcconfig */;
			buildSettings = {
				ALWAYS_EMBED_SWIFT_STANDARD_LIBRARIES = YES;
				BUNDLE_LOADER = "$(TEST_HOST)";
				CODE_SIGN_STYLE = Automatic;
				DEVELOPMENT_TEAM = Q79HY7288P;
				INFOPLIST_FILE = GameOfLifeTests/Info.plist;
				IPHONEOS_DEPLOYMENT_TARGET = 13.2;
				LD_RUNPATH_SEARCH_PATHS = (
					"$(inherited)",
					"@executable_path/Frameworks",
					"@loader_path/Frameworks",
				);
				PRODUCT_BUNDLE_IDENTIFIER = com.solirius.GameOfLifeTests;
				PRODUCT_NAME = "$(TARGET_NAME)";
				SWIFT_VERSION = 5.0;
				TARGETED_DEVICE_FAMILY = "1,2";
				TEST_HOST = "$(BUILT_PRODUCTS_DIR)/GameOfLife.app/GameOfLife";
			};
			name = Release;
		};
/* End XCBuildConfiguration section */

/* Begin XCConfigurationList section */
		04858EAF237576A500B3A9A3 /* Build configuration list for PBXProject "GameOfLife" */ = {
			isa = XCConfigurationList;
			buildConfigurations = (
				04858ED5237576A600B3A9A3 /* Debug */,
				04858ED6237576A600B3A9A3 /* Release */,
			);
			defaultConfigurationIsVisible = 0;
			defaultConfigurationName = Release;
		};
		04858ED7237576A600B3A9A3 /* Build configuration list for PBXNativeTarget "GameOfLife" */ = {
			isa = XCConfigurationList;
			buildConfigurations = (
				04858ED8237576A600B3A9A3 /* Debug */,
				04858ED9237576A600B3A9A3 /* Release */,
			);
			defaultConfigurationIsVisible = 0;
			defaultConfigurationName = Release;
		};
		04858EDA237576A600B3A9A3 /* Build configuration list for PBXNativeTarget "GameOfLifeTests" */ = {
			isa = XCConfigurationList;
			buildConfigurations = (
				04858EDB237576A600B3A9A3 /* Debug */,
				04858EDC237576A600B3A9A3 /* Release */,
			);
			defaultConfigurationIsVisible = 0;
			defaultConfigurationName = Release;
		};
/* End XCConfigurationList section */
	};
	rootObject = 04858EAC237576A500B3A9A3 /* Project object */;
}
